
Microsoft Visual Studio Solution File, Format Version 12.00
# Visual Studio Version 17
VisualStudioVersion = 17.2.32519.379
MinimumVisualStudioVersion = 10.0.40219.1
Project("{FAE04EC0-301F-11D3-BF4B-00C04F79EFBC}") = "line comparion", "line comparion\line comparion.csproj", "{B50AF549-3F45-45DA-9610-757E01DACCC4}"
EndProject
Global
	GlobalSection(SolutionConfigurationPlatforms) = preSolution
		Debug|Any CPU = Debug|Any CPU
		Release|Any CPU = Release|Any CPU
	EndGlobalSection
	GlobalSection(ProjectConfigurationPlatforms) = postSolution
		{B50AF549-3F45-45DA-9610-757E01DACCC4}.Debug|Any CPU.ActiveCfg = Debug|Any CPU
		{B50AF549-3F45-45DA-9610-757E01DACCC4}.Debug|Any CPU.Build.0 = Debug|Any CPU
		{B50AF549-3F45-45DA-9610-757E01DACCC4}.Release|Any CPU.ActiveCfg = Release|Any CPU
		{B50AF549-3F45-45DA-9610-757E01DACCC4}.Release|Any CPU.Build.0 = Release|Any CPU
	EndGlobalSection
	GlobalSection(SolutionProperties) = preSolution
		HideSolutionNode = FALSE
	EndGlobalSection
	GlobalSection(ExtensibilityGlobals) = postSolution
		SolutionGuid = {539A8C2B-D47B-4E35-BA79-FEEA512D354D}
	EndGlobalSection
EndGlobal
